// !$*UTF8*$!
{
	archiveVersion = 1;
	classes = {
	};
	objectVersion = 50;
	objects = {

/* Begin PBXBuildFile section */
		18CFEF4322FACF0400236190 /* LPAppDelegate.swift in Sources */ = {isa = PBXBuildFile; fileRef = 18CFEF4222FACF0400236190 /* LPAppDelegate.swift */; };
		18CFEF4822FACF0400236190 /* Main.storyboard in Resources */ = {isa = PBXBuildFile; fileRef = 18CFEF4622FACF0400236190 /* Main.storyboard */; };
		18CFEF4A22FACF0400236190 /* Assets.xcassets in Resources */ = {isa = PBXBuildFile; fileRef = 18CFEF4922FACF0400236190 /* Assets.xcassets */; };
		18CFEF4D22FACF0400236190 /* LaunchScreen.storyboard in Resources */ = {isa = PBXBuildFile; fileRef = 18CFEF4B22FACF0400236190 /* LaunchScreen.storyboard */; };
		18CFEF6022FAD17800236190 /* LPInputBarAccessoryView.framework in Frameworks */ = {isa = PBXBuildFile; fileRef = 18CFEF5F22FAD17800236190 /* LPInputBarAccessoryView.framework */; };
		18CFEF6122FAD17800236190 /* LPInputBarAccessoryView.framework in Embed Frameworks */ = {isa = PBXBuildFile; fileRef = 18CFEF5F22FAD17800236190 /* LPInputBarAccessoryView.framework */; settings = {ATTRIBUTES = (CodeSignOnCopy, RemoveHeadersOnCopy, ); }; };
		18CFEF6A22FAD38200236190 /* LPViewController.swift in Sources */ = {isa = PBXBuildFile; fileRef = 18CFEF6922FAD38200236190 /* LPViewController.swift */; };
		18CFEF6C22FAD48E00236190 /* LPRoomInputView.swift in Sources */ = {isa = PBXBuildFile; fileRef = 18CFEF6B22FAD48E00236190 /* LPRoomInputView.swift */; };
/* End PBXBuildFile section */

/* Begin PBXCopyFilesBuildPhase section */
		18CFEF6222FAD17800236190 /* Embed Frameworks */ = {
			isa = PBXCopyFilesBuildPhase;
			buildActionMask = 2147483647;
			dstPath = "";
			dstSubfolderSpec = 10;
			files = (
				18CFEF6122FAD17800236190 /* LPInputBarAccessoryView.framework in Embed Frameworks */,
			);
			name = "Embed Frameworks";
			runOnlyForDeploymentPostprocessing = 0;
		};
/* End PBXCopyFilesBuildPhase section */

/* Begin PBXFileReference section */
		18CFEF3F22FACF0400236190 /* LPInputBarAccessoryViewDemo.app */ = {isa = PBXFileReference; explicitFileType = wrapper.application; includeInIndex = 0; path = LPInputBarAccessoryViewDemo.app; sourceTree = BUILT_PRODUCTS_DIR; };
		18CFEF4222FACF0400236190 /* LPAppDelegate.swift */ = {isa = PBXFileReference; lastKnownFileType = sourcecode.swift; path = LPAppDelegate.swift; sourceTree = "<group>"; };
		18CFEF4722FACF0400236190 /* Base */ = {isa = PBXFileReference; lastKnownFileType = file.storyboard; name = Base; path = Base.lproj/Main.storyboard; sourceTree = "<group>"; };
		18CFEF4922FACF0400236190 /* Assets.xcassets */ = {isa = PBXFileReference; lastKnownFileType = folder.assetcatalog; path = Assets.xcassets; sourceTree = "<group>"; };
		18CFEF4C22FACF0400236190 /* Base */ = {isa = PBXFileReference; lastKnownFileType = file.storyboard; name = Base; path = Base.lproj/LaunchScreen.storyboard; sourceTree = "<group>"; };
		18CFEF4E22FACF0400236190 /* Info.plist */ = {isa = PBXFileReference; lastKnownFileType = text.plist.xml; path = Info.plist; sourceTree = "<group>"; };
		18CFEF5F22FAD17800236190 /* LPInputBarAccessoryView.framework */ = {isa = PBXFileReference; explicitFileType = wrapper.framework; path = LPInputBarAccessoryView.framework; sourceTree = BUILT_PRODUCTS_DIR; };
		18CFEF6922FAD38200236190 /* LPViewController.swift */ = {isa = PBXFileReference; fileEncoding = 4; lastKnownFileType = sourcecode.swift; path = LPViewController.swift; sourceTree = "<group>"; };
		18CFEF6B22FAD48E00236190 /* LPRoomInputView.swift */ = {isa = PBXFileReference; lastKnownFileType = sourcecode.swift; path = LPRoomInputView.swift; sourceTree = "<group>"; };
/* End PBXFileReference section */

/* Begin PBXFrameworksBuildPhase section */
		18CFEF3C22FACF0400236190 /* Frameworks */ = {
			isa = PBXFrameworksBuildPhase;
			buildActionMask = 2147483647;
			files = (
				18CFEF6022FAD17800236190 /* LPInputBarAccessoryView.framework in Frameworks */,
			);
			runOnlyForDeploymentPostprocessing = 0;
		};
/* End PBXFrameworksBuildPhase section */

/* Begin PBXGroup section */
		18CFEF3622FACF0400236190 = {
			isa = PBXGroup;
			children = (
				18CFEF5F22FAD17800236190 /* LPInputBarAccessoryView.framework */,
				18CFEF4122FACF0400236190 /* LPInputBarAccessoryViewDemo */,
				18CFEF4022FACF0400236190 /* Products */,
			);
			sourceTree = "<group>";
		};
		18CFEF4022FACF0400236190 /* Products */ = {
			isa = PBXGroup;
			children = (
				18CFEF3F22FACF0400236190 /* LPInputBarAccessoryViewDemo.app */,
			);
			name = Products;
			sourceTree = "<group>";
		};
		18CFEF4122FACF0400236190 /* LPInputBarAccessoryViewDemo */ = {
			isa = PBXGroup;
			children = (
				18CFEF4222FACF0400236190 /* LPAppDelegate.swift */,
				18CFEF6922FAD38200236190 /* LPViewController.swift */,
				18CFEF6B22FAD48E00236190 /* LPRoomInputView.swift */,
				18CFEF4622FACF0400236190 /* Main.storyboard */,
				18CFEF4922FACF0400236190 /* Assets.xcassets */,
				18CFEF4B22FACF0400236190 /* LaunchScreen.storyboard */,
				18CFEF4E22FACF0400236190 /* Info.plist */,
			);
			path = LPInputBarAccessoryViewDemo;
			sourceTree = "<group>";
		};
/* End PBXGroup section */

/* Begin PBXNativeTarget section */
		18CFEF3E22FACF0400236190 /* LPInputBarAccessoryViewDemo */ = {
			isa = PBXNativeTarget;
			buildConfigurationList = 18CFEF5122FACF0400236190 /* Build configuration list for PBXNativeTarget "LPInputBarAccessoryViewDemo" */;
			buildPhases = (
				18CFEF3B22FACF0400236190 /* Sources */,
				18CFEF3C22FACF0400236190 /* Frameworks */,
				18CFEF3D22FACF0400236190 /* Resources */,
				18CFEF6222FAD17800236190 /* Embed Frameworks */,
			);
			buildRules = (
			);
			dependencies = (
			);
			name = LPInputBarAccessoryViewDemo;
			productName = LPInputBarAccessoryViewDemo;
			productReference = 18CFEF3F22FACF0400236190 /* LPInputBarAccessoryViewDemo.app */;
			productType = "com.apple.product-type.application";
		};
/* End PBXNativeTarget section */

/* Begin PBXProject section */
		18CFEF3722FACF0400236190 /* Project object */ = {
			isa = PBXProject;
			attributes = {
				LastSwiftUpdateCheck = 1030;
				LastUpgradeCheck = 1030;
				ORGANIZATIONNAME = pengli;
				TargetAttributes = {
					18CFEF3E22FACF0400236190 = {
						CreatedOnToolsVersion = 10.3;
					};
				};
			};
			buildConfigurationList = 18CFEF3A22FACF0400236190 /* Build configuration list for PBXProject "LPInputBarAccessoryViewDemo" */;
			compatibilityVersion = "Xcode 9.3";
			developmentRegion = en;
			hasScannedForEncodings = 0;
			knownRegions = (
				en,
				Base,
			);
			mainGroup = 18CFEF3622FACF0400236190;
			productRefGroup = 18CFEF4022FACF0400236190 /* Products */;
			projectDirPath = "";
			projectRoot = "";
			targets = (
				18CFEF3E22FACF0400236190 /* LPInputBarAccessoryViewDemo */,
			);
		};
/* End PBXProject section */

/* Begin PBXResourcesBuildPhase section */
		18CFEF3D22FACF0400236190 /* Resources */ = {
			isa = PBXResourcesBuildPhase;
			buildActionMask = 2147483647;
			files = (
				18CFEF4D22FACF0400236190 /* LaunchScreen.storyboard in Resources */,
				18CFEF4A22FACF0400236190 /* Assets.xcassets in Resources */,
				18CFEF4822FACF0400236190 /* Main.storyboard in Resources */,
			);
			runOnlyForDeploymentPostprocessing = 0;
		};
/* End PBXResourcesBuildPhase section */

/* Begin PBXSourcesBuildPhase section */
		18CFEF3B22FACF0400236190 /* Sources */ = {
			isa = PBXSourcesBuildPhase;
			buildActionMask = 2147483647;
			files = (
				18CFEF6A22FAD38200236190 /* LPViewController.swift in Sources */,
				18CFEF6C22FAD48E00236190 /* LPRoomInputView.swift in Sources */,
				18CFEF4322FACF0400236190 /* LPAppDelegate.swift in Sources */,
			);
			runOnlyForDeploymentPostprocessing = 0;
		};
/* End PBXSourcesBuildPhase section */

/* Begin PBXVariantGroup section */
		18CFEF4622FACF0400236190 /* Main.storyboard */ = {
			isa = PBXVariantGroup;
			children = (
				18CFEF4722FACF0400236190 /* Base */,
			);
			name = Main.storyboard;
			sourceTree = "<group>";
		};
		18CFEF4B22FACF0400236190 /* LaunchScreen.storyboard */ = {
			isa = PBXVariantGroup;
			children = (
				18CFEF4C22FACF0400236190 /* Base */,
			);
			name = LaunchScreen.storyboard;
			sourceTree = "<group>";
		};
/* End PBXVariantGroup section */

/* Begin XCBuildConfiguration section */
		18CFEF4F22FACF0400236190 /* Debug */ = {
			isa = XCBuildConfiguration;
			buildSettings = {
				ALWAYS_SEARCH_USER_PATHS = NO;
				CLANG_ANALYZER_NONNULL = YES;
				CLANG_ANALYZER_NUMBER_OBJECT_CONVERSION = YES_AGGRESSIVE;
				CLANG_CXX_LANGUAGE_STANDARD = "gnu++14";
				CLANG_CXX_LIBRARY = "libc++";
				CLANG_ENABLE_MODULES = YES;
				CLANG_ENABLE_OBJC_ARC = YES;
				CLANG_ENABLE_OBJC_WEAK = YES;
				CLANG_WARN_BLOCK_CAPTURE_AUTORELEASING = YES;
				CLANG_WARN_BOOL_CONVERSION = YES;
				CLANG_WARN_COMMA = YES;
				CLANG_WARN_CONSTANT_CONVERSION = YES;
				CLANG_WARN_DEPRECATED_OBJC_IMPLEMENTATIONS = YES;
				CLANG_WARN_DIRECT_OBJC_ISA_USAGE = YES_ERROR;
				CLANG_WARN_DOCUMENTATION_COMMENTS = YES;
				CLANG_WARN_EMPTY_BODY = YES;
				CLANG_WARN_ENUM_CONVERSION = YES;
				CLANG_WARN_INFINITE_RECURSION = YES;
				CLANG_WARN_INT_CONVERSION = YES;
				CLANG_WARN_NON_LITERAL_NULL_CONVERSION = YES;
				CLANG_WARN_OBJC_IMPLICIT_RETAIN_SELF = YES;
				CLANG_WARN_OBJC_LITERAL_CONVERSION = YES;
				CLANG_WARN_OBJC_ROOT_CLASS = YES_ERROR;
				CLANG_WARN_RANGE_LOOP_ANALYSIS = YES;
				CLANG_WARN_STRICT_PROTOTYPES = YES;
				CLANG_WARN_SUSPICIOUS_MOVE = YES;
				CLANG_WARN_UNGUARDED_AVAILABILITY = YES_AGGRESSIVE;
				CLANG_WARN_UNREACHABLE_CODE = YES;
				CLANG_WARN__DUPLICATE_METHOD_MATCH = YES;
				CODE_SIGN_IDENTITY = "iPhone Developer";
				COPY_PHASE_STRIP = NO;
				DEBUG_INFORMATION_FORMAT = dwarf;
				ENABLE_STRICT_OBJC_MSGSEND = YES;
				ENABLE_TESTABILITY = YES;
				GCC_C_LANGUAGE_STANDARD = gnu11;
				GCC_DYNAMIC_NO_PIC = NO;
				GCC_NO_COMMON_BLOCKS = YES;
				GCC_OPTIMIZATION_LEVEL = 0;
				GCC_PREPROCESSOR_DEFINITIONS = (
					"DEBUG=1",
					"$(inherited)",
				);
				GCC_WARN_64_TO_32_BIT_CONVERSION = YES;
				GCC_WARN_ABOUT_RETURN_TYPE = YES_ERROR;
				GCC_WARN_UNDECLARED_SELECTOR = YES;
				GCC_WARN_UNINITIALIZED_AUTOS = YES_AGGRESSIVE;
				GCC_WARN_UNUSED_FUNCTION = YES;
				GCC_WARN_UNUSED_VARIABLE = YES;
				IPHONEOS_DEPLOYMENT_TARGET = 9.0;
				MTL_ENABLE_DEBUG_INFO = INCLUDE_SOURCE;
				MTL_FAST_MATH = YES;
				ONLY_ACTIVE_ARCH = YES;
				SDKROOT = iphoneos;
				SWIFT_ACTIVE_COMPILATION_CONDITIONS = DEBUG;
				SWIFT_OPTIMIZATION_LEVEL = "-Onone";
			};
			name = Debug;
		};
		18CFEF5022FACF0400236190 /* Release */ = {
			isa = XCBuildConfiguration;
			buildSettings = {
				ALWAYS_SEARCH_USER_PATHS = NO;
				CLANG_ANALYZER_NONNULL = YES;
				CLANG_ANALYZER_NUMBER_OBJECT_CONVERSION = YES_AGGRESSIVE;
				CLANG_CXX_LANGUAGE_STANDARD = "gnu++14";
				CLANG_CXX_LIBRARY = "libc++";
				CLANG_ENABLE_MODULES = YES;
				CLANG_ENABLE_OBJC_ARC = YES;
				CLANG_ENABLE_OBJC_WEAK = YES;
				CLANG_WARN_BLOCK_CAPTURE_AUTORELEASING = YES;
				CLANG_WARN_BOOL_CONVERSION = YES;
				CLANG_WARN_COMMA = YES;
				CLANG_WARN_CONSTANT_CONVERSION = YES;
				CLANG_WARN_DEPRECATED_OBJC_IMPLEMENTATIONS = YES;
				CLANG_WARN_DIRECT_OBJC_ISA_USAGE = YES_ERROR;
				CLANG_WARN_DOCUMENTATION_COMMENTS = YES;
				CLANG_WARN_EMPTY_BODY = YES;
				CLANG_WARN_ENUM_CONVERSION = YES;
				CLANG_WARN_INFINITE_RECURSION = YES;
				CLANG_WARN_INT_CONVERSION = YES;
				CLANG_WARN_NON_LITERAL_NULL_CONVERSION = YES;
				CLANG_WARN_OBJC_IMPLICIT_RETAIN_SELF = YES;
				CLANG_WARN_OBJC_LITERAL_CONVERSION = YES;
				CLANG_WARN_OBJC_ROOT_CLASS = YES_ERROR;
				CLANG_WARN_RANGE_LOOP_ANALYSIS = YES;
				CLANG_WARN_STRICT_PROTOTYPES = YES;
				CLANG_WARN_SUSPICIOUS_MOVE = YES;
				CLANG_WARN_UNGUARDED_AVAILABILITY = YES_AGGRESSIVE;
				CLANG_WARN_UNREACHABLE_CODE = YES;
				CLANG_WARN__DUPLICATE_METHOD_MATCH = YES;
				CODE_SIGN_IDENTITY = "iPhone Developer";
				COPY_PHASE_STRIP = NO;
				DEBUG_INFORMATION_FORMAT = "dwarf-with-dsym";
				ENABLE_NS_ASSERTIONS = NO;
				ENABLE_STRICT_OBJC_MSGSEND = YES;
				GCC_C_LANGUAGE_STANDARD = gnu11;
				GCC_NO_COMMON_BLOCKS = YES;
				GCC_WARN_64_TO_32_BIT_CONVERSION = YES;
				GCC_WARN_ABOUT_RETURN_TYPE = YES_ERROR;
				GCC_WARN_UNDECLARED_SELECTOR = YES;
				GCC_WARN_UNINITIALIZED_AUTOS = YES_AGGRESSIVE;
				GCC_WARN_UNUSED_FUNCTION = YES;
				GCC_WARN_UNUSED_VARIABLE = YES;
				IPHONEOS_DEPLOYMENT_TARGET = 9.0;
				MTL_ENABLE_DEBUG_INFO = NO;
				MTL_FAST_MATH = YES;
				SDKROOT = iphoneos;
				SWIFT_COMPILATION_MODE = wholemodule;
				SWIFT_OPTIMIZATION_LEVEL = "-O";
				VALIDATE_PRODUCT = YES;
			};
			name = Release;
		};
		18CFEF5222FACF0400236190 /* Debug */ = {
			isa = XCBuildConfiguration;
			buildSettings = {
				ASSETCATALOG_COMPILER_APPICON_NAME = AppIcon;
				CODE_SIGN_STYLE = Automatic;
				INFOPLIST_FILE = LPInputBarAccessoryViewDemo/Info.plist;
				IPHONEOS_DEPLOYMENT_TARGET = 9.0;
				LD_RUNPATH_SEARCH_PATHS = (
					"$(inherited)",
					"@executable_path/Frameworks",
				);
				PRODUCT_BUNDLE_IDENTIFIER = com.lp.waowang.LPInputBarAccessoryViewDemo;
				PRODUCT_NAME = "$(TARGET_NAME)";
				SWIFT_VERSION = 5.0;
				TARGETED_DEVICE_FAMILY = "1,2";
			};
			name = Debug;
		};
		18CFEF5322FACF0400236190 /* Release */ = {
			isa = XCBuildConfiguration;
			buildSettings = {
				ASSETCATALOG_COMPILER_APPICON_NAME = AppIcon;
				CODE_SIGN_STYLE = Automatic;
				INFOPLIST_FILE = LPInputBarAccessoryViewDemo/Info.plist;
				IPHONEOS_DEPLOYMENT_TARGET = 9.0;
				LD_RUNPATH_SEARCH_PATHS = (
					"$(inherited)",
					"@executable_path/Frameworks",
				);
				PRODUCT_BUNDLE_IDENTIFIER = com.lp.waowang.LPInputBarAccessoryViewDemo;
				PRODUCT_NAME = "$(TARGET_NAME)";
				SWIFT_VERSION = 5.0;
				TARGETED_DEVICE_FAMILY = "1,2";
			};
			name = Release;
		};
/* End XCBuildConfiguration section */

/* Begin XCConfigurationList section */
		18CFEF3A22FACF0400236190 /* Build configuration list for PBXProject "LPInputBarAccessoryViewDemo" */ = {
			isa = XCConfigurationList;
			buildConfigurations = (
				18CFEF4F22FACF0400236190 /* Debug */,
				18CFEF5022FACF0400236190 /* Release */,
			);
			defaultConfigurationIsVisible = 0;
			defaultConfigurationName = Release;
		};
		18CFEF5122FACF0400236190 /* Build configuration list for PBXNativeTarget "LPInputBarAccessoryViewDemo" */ = {
			isa = XCConfigurationList;
			buildConfigurations = (
				18CFEF5222FACF0400236190 /* Debug */,
				18CFEF5322FACF0400236190 /* Release */,
			);
			defaultConfigurationIsVisible = 0;
			defaultConfigurationName = Release;
		};
/* End XCConfigurationList section */
	};
	rootObject = 18CFEF3722FACF0400236190 /* Project object */;
}
